// !$*UTF8*$!
{
	archiveVersion = 1;
	classes = {
	};
	objectVersion = 46;
	objects = {

/* Begin PBXBuildFile section */
		0D32A6174B5C1CB63C8ACAC0 /* Social.framework in Frameworks */ = {isa = PBXBuildFile; fileRef = CD86236D6195F21FF3CBE013 /* Social.framework */; };
		56C017E1689CD71B3AA8CE0E /* Cocoa.framework in Frameworks */ = {isa = PBXBuildFile; fileRef = A4FC65CE028FA8F6E94A5FB2 /* Cocoa.framework */; };
		B09CD9EDBFFF021A344DA06C /* AppKit.framework in Frameworks */ = {isa = PBXBuildFile; fileRef = 88DB4349B6AED7F97D890A60 /* AppKit.framework */; };
		E98403C31CA0E9599A948CCF /* ShareViewController.swift in Sources */ = {isa = PBXBuildFile; fileRef = 214C47DC36641D2DC5D44A52 /* ShareViewController.swift */; };
/* End PBXBuildFile section */

/* Begin PBXFileReference section */
		07C1EAC6541F2FFA7AE2AD4B /* VibeDropShare.appex */ = {isa = PBXFileReference; explicitFileType = "wrapper.app-extension"; includeInIndex = 0; name = VibeDropShare.appex; path = VibeDropShare.appex; sourceTree = BUILT_PRODUCTS_DIR; };
		214C47DC36641D2DC5D44A52 /* ShareViewController.swift */ = {isa = PBXFileReference; includeInIndex = 1; lastKnownFileType = sourcecode.swift; path = ShareViewController.swift; sourceTree = "<group>"; };
		78EE96E8C4015ED4D68BA6B8 /* Info.plist */ = {isa = PBXFileReference; includeInIndex = 1; lastKnownFileType = text.plist.xml; path = Info.plist; sourceTree = "<group>"; };
		88DB4349B6AED7F97D890A60 /* AppKit.framework */ = {isa = PBXFileReference; lastKnownFileType = wrapper.framework; name = AppKit.framework; path = ../../../../../../System/Library/Frameworks/AppKit.framework; sourceTree = "<group>"; };
		A4FC65CE028FA8F6E94A5FB2 /* Cocoa.framework */ = {isa = PBXFileReference; lastKnownFileType = wrapper.framework; name = Cocoa.framework; path = Platforms/MacOSX.platform/Developer/SDKs/MacOSX15.0.sdk/System/Library/Frameworks/Cocoa.framework; sourceTree = DEVELOPER_DIR; };
		A52F34241FA25F7AE83F50B7 /* VibeDropShare.entitlements */ = {isa = PBXFileReference; includeInIndex = 1; lastKnownFileType = text.plist.entitlements; path = VibeDropShare.entitlements; sourceTree = "<group>"; };
		CD86236D6195F21FF3CBE013 /* Social.framework */ = {isa = PBXFileReference; lastKnownFileType = wrapper.framework; name = Social.framework; path = ../../../../../../System/Library/Frameworks/Social.framework; sourceTree = "<group>"; };
/* End PBXFileReference section */

/* Begin PBXFrameworksBuildPhase section */
		001454202EF006D09A51495E /* Frameworks */ = {
			isa = PBXFrameworksBuildPhase;
			buildActionMask = 2147483647;
			files = (
				56C017E1689CD71B3AA8CE0E /* Cocoa.framework in Frameworks */,
				B09CD9EDBFFF021A344DA06C /* AppKit.framework in Frameworks */,
				0D32A6174B5C1CB63C8ACAC0 /* Social.framework in Frameworks */,
			);
			runOnlyForDeploymentPostprocessing = 0;
		};
/* End PBXFrameworksBuildPhase section */

/* Begin PBXGroup section */
		07B37DA24683F1676524F447 /* Products */ = {
			isa = PBXGroup;
			children = (
				07C1EAC6541F2FFA7AE2AD4B /* VibeDropShare.appex */,
			);
			name = Products;
			sourceTree = "<group>";
		};
		221E922EC856B82D7E1738E2 = {
			isa = PBXGroup;
			children = (
				07B37DA24683F1676524F447 /* Products */,
				DA560D11AFD0DE35A5217893 /* Frameworks */,
				72A76FC789E39E071E3CE3D3 /* VibeDropShare */,
			);
			sourceTree = "<group>";
		};
		6E5AC57F6299621A4D63BAE5 /* OS X */ = {
			isa = PBXGroup;
			children = (
				A4FC65CE028FA8F6E94A5FB2 /* Cocoa.framework */,
			);
			name = "OS X";
			sourceTree = "<group>";
		};
		72A76FC789E39E071E3CE3D3 /* VibeDropShare */ = {
			isa = PBXGroup;
			children = (
				214C47DC36641D2DC5D44A52 /* ShareViewController.swift */,
				78EE96E8C4015ED4D68BA6B8 /* Info.plist */,
				A52F34241FA25F7AE83F50B7 /* VibeDropShare.entitlements */,
			);
			name = VibeDropShare;
			path = VibeDropShare;
			sourceTree = "<group>";
		};
		DA560D11AFD0DE35A5217893 /* Frameworks */ = {
			isa = PBXGroup;
			children = (
				6E5AC57F6299621A4D63BAE5 /* OS X */,
				88DB4349B6AED7F97D890A60 /* AppKit.framework */,
				CD86236D6195F21FF3CBE013 /* Social.framework */,
			);
			name = Frameworks;
			sourceTree = "<group>";
		};
/* End PBXGroup section */

/* Begin PBXNativeTarget section */
		CB35339AEB09C9EE9E9427F9 /* VibeDropShare */ = {
			isa = PBXNativeTarget;
			buildConfigurationList = D02EA78910E6DCDF1159D4FD /* Build configuration list for PBXNativeTarget "VibeDropShare" */;
			buildPhases = (
				B9A14A4343A7D8DE2E1F90B5 /* Sources */,
				001454202EF006D09A51495E /* Frameworks */,
				DE2ED8343F5F7BB84A4B8B22 /* Resources */,
			);
			buildRules = (
			);
			dependencies = (
			);
			name = VibeDropShare;
			productName = VibeDropShare;
			productReference = 07C1EAC6541F2FFA7AE2AD4B /* VibeDropShare.appex */;
			productType = "com.apple.product-type.app-extension";
		};
/* End PBXNativeTarget section */

/* Begin PBXProject section */
		DBBB281A47B330F75FB13419 /* Project object */ = {
			isa = PBXProject;
			attributes = {
				LastSwiftUpdateCheck = 2600;
				LastUpgradeCheck = 2600;
			};
			buildConfigurationList = 5DBC795F00780FEA1388E314 /* Build configuration list for PBXProject "VibeDropShare" */;
			compatibilityVersion = "Xcode 3.2";
			developmentRegion = en;
			hasScannedForEncodings = 0;
			knownRegions = (
				en,
				Base,
			);
			mainGroup = 221E922EC856B82D7E1738E2;
			minimizedProjectReferenceProxies = 0;
			preferredProjectObjectVersion = 77;
			productRefGroup = 07B37DA24683F1676524F447 /* Products */;
			projectDirPath = "";
			projectRoot = "";
			targets = (
				CB35339AEB09C9EE9E9427F9 /* VibeDropShare */,
			);
		};
/* End PBXProject section */

/* Begin PBXResourcesBuildPhase section */
		DE2ED8343F5F7BB84A4B8B22 /* Resources */ = {
			isa = PBXResourcesBuildPhase;
			buildActionMask = 2147483647;
			files = (
			);
			runOnlyForDeploymentPostprocessing = 0;
		};
/* End PBXResourcesBuildPhase section */

/* Begin PBXSourcesBuildPhase section */
		B9A14A4343A7D8DE2E1F90B5 /* Sources */ = {
			isa = PBXSourcesBuildPhase;
			buildActionMask = 2147483647;
			files = (
				E98403C31CA0E9599A948CCF /* ShareViewController.swift in Sources */,
			);
			runOnlyForDeploymentPostprocessing = 0;
		};
/* End PBXSourcesBuildPhase section */

/* Begin XCBuildConfiguration section */
		84C111B5F0F4B3DBE3BE664B /* Release */ = {
			isa = XCBuildConfiguration;
			buildSettings = {
				ALWAYS_SEARCH_USER_PATHS = NO;
				CLANG_ANALYZER_NONNULL = YES;
				CLANG_ANALYZER_NUMBER_OBJECT_CONVERSION = YES_AGGRESSIVE;
				CLANG_CXX_LANGUAGE_STANDARD = "gnu++14";
				CLANG_CXX_LIBRARY = "libc++";
				CLANG_ENABLE_MODULES = YES;
				CLANG_ENABLE_OBJC_ARC = YES;
				CLANG_ENABLE_OBJC_WEAK = YES;
				CLANG_WARN_BLOCK_CAPTURE_AUTORELEASING = YES;
				CLANG_WARN_BOOL_CONVERSION = YES;
				CLANG_WARN_COMMA = YES;
				CLANG_WARN_CONSTANT_CONVERSION = YES;
				CLANG_WARN_DEPRECATED_OBJC_IMPLEMENTATIONS = YES;
				CLANG_WARN_DIRECT_OBJC_ISA_USAGE = YES_ERROR;
				CLANG_WARN_DOCUMENTATION_COMMENTS = YES;
				CLANG_WARN_EMPTY_BODY = YES;
				CLANG_WARN_ENUM_CONVERSION = YES;
				CLANG_WARN_INFINITE_RECURSION = YES;
				CLANG_WARN_INT_CONVERSION = YES;
				CLANG_WARN_NON_LITERAL_NULL_CONVERSION = YES;
				CLANG_WARN_OBJC_IMPLICIT_RETAIN_SELF = YES;
				CLANG_WARN_OBJC_LITERAL_CONVERSION = YES;
				CLANG_WARN_OBJC_ROOT_CLASS = YES_ERROR;
				CLANG_WARN_QUOTED_INCLUDE_IN_FRAMEWORK_HEADER = YES;
				CLANG_WARN_RANGE_LOOP_ANALYSIS = YES;
				CLANG_WARN_STRICT_PROTOTYPES = YES;
				CLANG_WARN_SUSPICIOUS_MOVE = YES;
				CLANG_WARN_UNGUARDED_AVAILABILITY = YES_AGGRESSIVE;
				CLANG_WARN_UNREACHABLE_CODE = YES;
				CLANG_WARN__DUPLICATE_METHOD_MATCH = YES;
				COPY_PHASE_STRIP = NO;
				DEBUG_INFORMATION_FORMAT = "dwarf-with-dsym";
				ENABLE_NS_ASSERTIONS = NO;
				ENABLE_STRICT_OBJC_MSGSEND = YES;
				GCC_C_LANGUAGE_STANDARD = gnu11;
				GCC_NO_COMMON_BLOCKS = YES;
				GCC_WARN_64_TO_32_BIT_CONVERSION = YES;
				GCC_WARN_ABOUT_RETURN_TYPE = YES_ERROR;
				GCC_WARN_UNDECLARED_SELECTOR = YES;
				GCC_WARN_UNINITIALIZED_AUTOS = YES_AGGRESSIVE;
				GCC_WARN_UNUSED_FUNCTION = YES;
				GCC_WARN_UNUSED_VARIABLE = YES;
				MTL_ENABLE_DEBUG_INFO = NO;
				MTL_FAST_MATH = YES;
				PRODUCT_NAME = "$(TARGET_NAME)";
				SWIFT_COMPILATION_MODE = wholemodule;
				SWIFT_OPTIMIZATION_LEVEL = "-O";
				SWIFT_VERSION = 5.0;
			};
			name = Release;
		};
		9D6534A6E81AC28F17662D0C /* Debug */ = {
			isa = XCBuildConfiguration;
			buildSettings = {
				CLANG_ENABLE_OBJC_WEAK = NO;
				CODE_SIGN_ENTITLEMENTS = VibeDropShare/VibeDropShare.entitlements;
				CODE_SIGN_STYLE = Manual;
				GENERATE_INFOPLIST_FILE = NO;
				INFOPLIST_FILE = VibeDropShare/Info.plist;
				LD_RUNPATH_SEARCH_PATHS = "$(inherited) @executable_path/../Frameworks @executable_path/../../Frameworks";
				MACOSX_DEPLOYMENT_TARGET = 10.15;
				PRODUCT_BUNDLE_IDENTIFIER = com.vibedrop.desktop.share;
				PRODUCT_NAME = VibeDropShare;
				SDKROOT = macosx;
				SKIP_INSTALL = NO;
				SWIFT_EMIT_LOC_STRINGS = NO;
				SWIFT_VERSION = 5.0;
			};
			name = Debug;
		};
		E3C94A9CDCBACFFF644F950B /* Debug */ = {
			isa = XCBuildConfiguration;
			buildSettings = {
				ALWAYS_SEARCH_USER_PATHS = NO;
				CLANG_ANALYZER_NONNULL = YES;
				CLANG_ANALYZER_NUMBER_OBJECT_CONVERSION = YES_AGGRESSIVE;
				CLANG_CXX_LANGUAGE_STANDARD = "gnu++14";
				CLANG_CXX_LIBRARY = "libc++";
				CLANG_ENABLE_MODULES = YES;
				CLANG_ENABLE_OBJC_ARC = YES;
				CLANG_ENABLE_OBJC_WEAK = YES;
				CLANG_WARN_BLOCK_CAPTURE_AUTORELEASING = YES;
				CLANG_WARN_BOOL_CONVERSION = YES;
				CLANG_WARN_COMMA = YES;
				CLANG_WARN_CONSTANT_CONVERSION = YES;
				CLANG_WARN_DEPRECATED_OBJC_IMPLEMENTATIONS = YES;
				CLANG_WARN_DIRECT_OBJC_ISA_USAGE = YES_ERROR;
				CLANG_WARN_DOCUMENTATION_COMMENTS = YES;
				CLANG_WARN_EMPTY_BODY = YES;
				CLANG_WARN_ENUM_CONVERSION = YES;
				CLANG_WARN_INFINITE_RECURSION = YES;
				CLANG_WARN_INT_CONVERSION = YES;
				CLANG_WARN_NON_LITERAL_NULL_CONVERSION = YES;
				CLANG_WARN_OBJC_IMPLICIT_RETAIN_SELF = YES;
				CLANG_WARN_OBJC_LITERAL_CONVERSION = YES;
				CLANG_WARN_OBJC_ROOT_CLASS = YES_ERROR;
				CLANG_WARN_QUOTED_INCLUDE_IN_FRAMEWORK_HEADER = YES;
				CLANG_WARN_RANGE_LOOP_ANALYSIS = YES;
				CLANG_WARN_STRICT_PROTOTYPES = YES;
				CLANG_WARN_SUSPICIOUS_MOVE = YES;
				CLANG_WARN_UNGUARDED_AVAILABILITY = YES_AGGRESSIVE;
				CLANG_WARN_UNREACHABLE_CODE = YES;
				CLANG_WARN__DUPLICATE_METHOD_MATCH = YES;
				COPY_PHASE_STRIP = NO;
				DEBUG_INFORMATION_FORMAT = dwarf;
				ENABLE_STRICT_OBJC_MSGSEND = YES;
				ENABLE_TESTABILITY = YES;
				GCC_C_LANGUAGE_STANDARD = gnu11;
				GCC_DYNAMIC_NO_PIC = NO;
				GCC_NO_COMMON_BLOCKS = YES;
				GCC_OPTIMIZATION_LEVEL = 0;
				GCC_PREPROCESSOR_DEFINITIONS = (
					"DEBUG=1",
					"$(inherited)",
				);
				GCC_WARN_64_TO_32_BIT_CONVERSION = YES;
				GCC_WARN_ABOUT_RETURN_TYPE = YES_ERROR;
				GCC_WARN_UNDECLARED_SELECTOR = YES;
				GCC_WARN_UNINITIALIZED_AUTOS = YES_AGGRESSIVE;
				GCC_WARN_UNUSED_FUNCTION = YES;
				GCC_WARN_UNUSED_VARIABLE = YES;
				MTL_ENABLE_DEBUG_INFO = INCLUDE_SOURCE;
				MTL_FAST_MATH = YES;
				ONLY_ACTIVE_ARCH = YES;
				PRODUCT_NAME = "$(TARGET_NAME)";
				SWIFT_ACTIVE_COMPILATION_CONDITIONS = DEBUG;
				SWIFT_OPTIMIZATION_LEVEL = "-Onone";
				SWIFT_VERSION = 5.0;
			};
			name = Debug;
		};
		EB70634A3D3F0752A02AAF4F /* Release */ = {
			isa = XCBuildConfiguration;
			buildSettings = {
				CLANG_ENABLE_OBJC_WEAK = NO;
				CODE_SIGN_ENTITLEMENTS = VibeDropShare/VibeDropShare.entitlements;
				CODE_SIGN_STYLE = Manual;
				GENERATE_INFOPLIST_FILE = NO;
				INFOPLIST_FILE = VibeDropShare/Info.plist;
				LD_RUNPATH_SEARCH_PATHS = "$(inherited) @executable_path/../Frameworks @executable_path/../../Frameworks";
				MACOSX_DEPLOYMENT_TARGET = 10.15;
				PRODUCT_BUNDLE_IDENTIFIER = com.vibedrop.desktop.share;
				PRODUCT_NAME = VibeDropShare;
				SDKROOT = macosx;
				SKIP_INSTALL = NO;
				SWIFT_EMIT_LOC_STRINGS = NO;
				SWIFT_VERSION = 5.0;
			};
			name = Release;
		};
/* End XCBuildConfiguration section */

/* Begin XCConfigurationList section */
		5DBC795F00780FEA1388E314 /* Build configuration list for PBXProject "VibeDropShare" */ = {
			isa = XCConfigurationList;
			buildConfigurations = (
				E3C94A9CDCBACFFF644F950B /* Debug */,
				84C111B5F0F4B3DBE3BE664B /* Release */,
			);
			defaultConfigurationIsVisible = 0;
			defaultConfigurationName = Release;
		};
		D02EA78910E6DCDF1159D4FD /* Build configuration list for PBXNativeTarget "VibeDropShare" */ = {
			isa = XCConfigurationList;
			buildConfigurations = (
				EB70634A3D3F0752A02AAF4F /* Release */,
				9D6534A6E81AC28F17662D0C /* Debug */,
			);
			defaultConfigurationIsVisible = 0;
			defaultConfigurationName = Release;
		};
/* End XCConfigurationList section */
	};
	rootObject = DBBB281A47B330F75FB13419 /* Project object */;
}
